<Solution>
  <Project Path="Mirror.csproj" />
  <Project Path="Edgegap.csproj" />
  <Project Path="Opsive.BehaviorDesigner.Runtime.csproj" />
  <Project Path="Opsive.BehaviorDesigner.Samples.csproj" />
  <Project Path="Unity.Mirror.CodeGen.csproj" />
  <Project Path="Mirror.Components.csproj" />
  <Project Path="Mirror.Examples.csproj" />
  <Project Path="Assembly-CSharp.csproj" />
  <Project Path="Mirror.Editor.csproj" />
  <Project Path="Mirror.Transports.csproj" />
  <Project Path="PeekTest.Runtime.csproj" />
  <Project Path="ParrelSync.csproj" />
  <Project Path="kcp2k.csproj" />
  <Project Path="Assembly-CSharp-Editor.csproj" />
  <Project Path="SimpleWebTransport.csproj" />
  <Project Path="Mirror.Authenticators.csproj" />
  <Project Path="Opsive.BehaviorDesigner.Editor.Managers.csproj" />
  <Project Path="Opsive.GraphDesigner.Runtime.Wrappers.csproj" />
  <Project Path="EncryptionTransportEditor.csproj" />
  <Project Path="Telepathy.csproj" />
  <Project Path="Opsive.BehaviorDesigner.Editor.Controls.NodeViews.csproj" />
  <Project Path="Opsive.Shared.Editor.Import.csproj" />
  <Project Path="Opsive.Shared.Runtime.csproj" />
  <Project Path="Mirror.CompilerSymbols.csproj" />
  <Project Path="Opsive.GraphDesigner.Runtime.Variables.ECS.csproj" />
  <Project Path="PeekTest.Tests.EditMode.csproj" />
</Solution>
